{
  "name": "steep-seeker",
  "lockfileVersion": 3,
  "requires": true,
  "packages": {
    "": {
      "dependencies": {
        "leaflet.heightgraph": "^1.4.0"
      }
    },
    "node_modules/leaflet": {
      "version": "1.9.4",
      "resolved": "https://registry.npmjs.org/leaflet/-/leaflet-1.9.4.tgz",
      "integrity": "sha512-nxS1ynzJOmOlHp+iL3FyWqK89GtNL8U8rvlMOsQdTTssxZwCXh8N2NB3GDQOL+YR3XnWyZAxwQixURb+FA74PA=="
    },
    "node_modules/leaflet.heightgraph": {
      "version": "1.4.0",
      "resolved": "https://registry.npmjs.org/leaflet.heightgraph/-/leaflet.heightgraph-1.4.0.tgz",
      "integrity": "sha512-X/HEtDIr9SCKbyJYdhv+jxqN1MwWEusxIaDB4fjQ5Cz4Tx8u7blcRZtVgig7tP237nVuHNnTpS6FZKdfCGMVng==",
      "dependencies": {
        "leaflet": "^1.6.0"
      }
    }
  }
}
